{
  "name": "Yandex-webmaster-mcp-server",
  "lockfileVersion": 3,
  "requires": true,
  "packages": {
    "": {
      "dependencies": {
        "beads-orchestration": "github:weselow/The-Claude-Protocol"
      }
    },
    "node_modules/beads-orchestration": {
      "version": "2.2.0",
      "resolved": "git+ssh://git@github.com/weselow/The-Claude-Protocol.git#a6c6c01a41bcbab16804017e2ae81135aacdd047",
      "hasInstallScript": true,
      "license": "MIT",
      "bin": {
        "beads-orchestration": "scripts/cli.js"
      }
    }
  }
}
